{
  "name": "chuck-the-barber",
  "version": "1.0.0",
  "lockfileVersion": 1,
  "requires": true,
  "dependencies": {
    "bootstrap": {
      "version": "file:../../Server_Simulator/node_modules/bootstrap-4.3.1"
    },
    "jquery": {
      "version": "file:../../Server_Simulator/node_modules/jquery-3.4.1"
    }
  }
}
