{
  "name": "chuck-the-barber",
  "version": "1.0.0",
  "lockfileVersion": 1,
  "requires": true,
  "dependencies": {
    "bootstrap": {
      "version": "file:../../Documents/node_modules/_noDependencies/bootstrap-4.3.1"
    },
    "jquery": {
      "version": "file:../../Documents/node_modules/_noDependencies/jquery-3.4.1"
    }
  }
}
